
Microsoft Visual Studio Solution File, Format Version 12.00
# Visual Studio Version 16
VisualStudioVersion = 25.0.1706.12
MinimumVisualStudioVersion = 10.0.40219.1
Project("{FAE04EC0-301F-11D3-BF4B-00C04F79EFBC}") = "LibraryManagement", "LibraryManagement.csproj", "{B942FCC2-B7A4-4789-8FF4-CEA22897ACFC}"
EndProject
Global
	GlobalSection(SolutionConfigurationPlatforms) = preSolution
		Debug|Any CPU = Debug|Any CPU
		Release|Any CPU = Release|Any CPU
	EndGlobalSection
	GlobalSection(ProjectConfigurationPlatforms) = postSolution
		{B942FCC2-B7A4-4789-8FF4-CEA22897ACFC}.Debug|Any CPU.ActiveCfg = Debug|Any CPU
		{B942FCC2-B7A4-4789-8FF4-CEA22897ACFC}.Debug|Any CPU.Build.0 = Debug|Any CPU
		{B942FCC2-B7A4-4789-8FF4-CEA22897ACFC}.Release|Any CPU.ActiveCfg = Release|Any CPU
		{B942FCC2-B7A4-4789-8FF4-CEA22897ACFC}.Release|Any CPU.Build.0 = Release|Any CPU
	EndGlobalSection
	GlobalSection(SolutionProperties) = preSolution
		HideSolutionNode = FALSE
	EndGlobalSection
	GlobalSection(ExtensibilityGlobals) = postSolution
		SolutionGuid = {198705CD-0EAA-4EED-AF64-A1F09322CD02}
	EndGlobalSection
EndGlobal
